// !$*UTF8*$!
{
	archiveVersion = 1;
	classes = {
	};
	objectVersion = 50;
	objects = {

/* Begin PBXBuildFile section */
		D8E846062198603400707756 /* AppDelegate.swift in Sources */ = {isa = PBXBuildFile; fileRef = D8E846052198603400707756 /* AppDelegate.swift */; };
		D8E846082198603400707756 /* ViewController.swift in Sources */ = {isa = PBXBuildFile; fileRef = D8E846072198603400707756 /* ViewController.swift */; };
		D8E8460B2198603400707756 /* Main.storyboard in Resources */ = {isa = PBXBuildFile; fileRef = D8E846092198603400707756 /* Main.storyboard */; };
		D8E8460D2198603500707756 /* Assets.xcassets in Resources */ = {isa = PBXBuildFile; fileRef = D8E8460C2198603500707756 /* Assets.xcassets */; };
		D8E846102198603500707756 /* LaunchScreen.storyboard in Resources */ = {isa = PBXBuildFile; fileRef = D8E8460E2198603500707756 /* LaunchScreen.storyboard */; };
		D8E8461B2198603600707756 /* Card_MenuTests.swift in Sources */ = {isa = PBXBuildFile; fileRef = D8E8461A2198603600707756 /* Card_MenuTests.swift */; };
		D8E846262198603600707756 /* Card_MenuUITests.swift in Sources */ = {isa = PBXBuildFile; fileRef = D8E846252198603600707756 /* Card_MenuUITests.swift */; };
/* End PBXBuildFile section */

/* Begin PBXContainerItemProxy section */
		D8E846172198603600707756 /* PBXContainerItemProxy */ = {
			isa = PBXContainerItemProxy;
			containerPortal = D8E845FA2198603400707756 /* Project object */;
			proxyType = 1;
			remoteGlobalIDString = D8E846012198603400707756;
			remoteInfo = Card_Menu;
		};
		D8E846222198603600707756 /* PBXContainerItemProxy */ = {
			isa = PBXContainerItemProxy;
			containerPortal = D8E845FA2198603400707756 /* Project object */;
			proxyType = 1;
			remoteGlobalIDString = D8E846012198603400707756;
			remoteInfo = Card_Menu;
		};
/* End PBXContainerItemProxy section */

/* Begin PBXFileReference section */
		D8E846022198603400707756 /* Card_Menu.app */ = {isa = PBXFileReference; explicitFileType = wrapper.application; includeInIndex = 0; path = Card_Menu.app; sourceTree = BUILT_PRODUCTS_DIR; };
		D8E846052198603400707756 /* AppDelegate.swift */ = {isa = PBXFileReference; lastKnownFileType = sourcecode.swift; path = AppDelegate.swift; sourceTree = "<group>"; };
		D8E846072198603400707756 /* ViewController.swift */ = {isa = PBXFileReference; lastKnownFileType = sourcecode.swift; path = ViewController.swift; sourceTree = "<group>"; };
		D8E8460A2198603400707756 /* Base */ = {isa = PBXFileReference; lastKnownFileType = file.storyboard; name = Base; path = Base.lproj/Main.storyboard; sourceTree = "<group>"; };
		D8E8460C2198603500707756 /* Assets.xcassets */ = {isa = PBXFileReference; lastKnownFileType = folder.assetcatalog; path = Assets.xcassets; sourceTree = "<group>"; };
		D8E8460F2198603500707756 /* Base */ = {isa = PBXFileReference; lastKnownFileType = file.storyboard; name = Base; path = Base.lproj/LaunchScreen.storyboard; sourceTree = "<group>"; };
		D8E846112198603500707756 /* Info.plist */ = {isa = PBXFileReference; lastKnownFileType = text.plist.xml; path = Info.plist; sourceTree = "<group>"; };
		D8E846162198603600707756 /* Card_MenuTests.xctest */ = {isa = PBXFileReference; explicitFileType = wrapper.cfbundle; includeInIndex = 0; path = Card_MenuTests.xctest; sourceTree = BUILT_PRODUCTS_DIR; };
		D8E8461A2198603600707756 /* Card_MenuTests.swift */ = {isa = PBXFileReference; lastKnownFileType = sourcecode.swift; path = Card_MenuTests.swift; sourceTree = "<group>"; };
		D8E8461C2198603600707756 /* Info.plist */ = {isa = PBXFileReference; lastKnownFileType = text.plist.xml; path = Info.plist; sourceTree = "<group>"; };
		D8E846212198603600707756 /* Card_MenuUITests.xctest */ = {isa = PBXFileReference; explicitFileType = wrapper.cfbundle; includeInIndex = 0; path = Card_MenuUITests.xctest; sourceTree = BUILT_PRODUCTS_DIR; };
		D8E846252198603600707756 /* Card_MenuUITests.swift */ = {isa = PBXFileReference; lastKnownFileType = sourcecode.swift; path = Card_MenuUITests.swift; sourceTree = "<group>"; };
		D8E846272198603600707756 /* Info.plist */ = {isa = PBXFileReference; lastKnownFileType = text.plist.xml; path = Info.plist; sourceTree = "<group>"; };
/* End PBXFileReference section */

/* Begin PBXFrameworksBuildPhase section */
		D8E845FF2198603400707756 /* Frameworks */ = {
			isa = PBXFrameworksBuildPhase;
			buildActionMask = 2147483647;
			files = (
			);
			runOnlyForDeploymentPostprocessing = 0;
		};
		D8E846132198603600707756 /* Frameworks */ = {
			isa = PBXFrameworksBuildPhase;
			buildActionMask = 2147483647;
			files = (
			);
			runOnlyForDeploymentPostprocessing = 0;
		};
		D8E8461E2198603600707756 /* Frameworks */ = {
			isa = PBXFrameworksBuildPhase;
			buildActionMask = 2147483647;
			files = (
			);
			runOnlyForDeploymentPostprocessing = 0;
		};
/* End PBXFrameworksBuildPhase section */

/* Begin PBXGroup section */
		D8E845F92198603400707756 = {
			isa = PBXGroup;
			children = (
				D8E846042198603400707756 /* Card_Menu */,
				D8E846192198603600707756 /* Card_MenuTests */,
				D8E846242198603600707756 /* Card_MenuUITests */,
				D8E846032198603400707756 /* Products */,
			);
			sourceTree = "<group>";
		};
		D8E846032198603400707756 /* Products */ = {
			isa = PBXGroup;
			children = (
				D8E846022198603400707756 /* Card_Menu.app */,
				D8E846162198603600707756 /* Card_MenuTests.xctest */,
				D8E846212198603600707756 /* Card_MenuUITests.xctest */,
			);
			name = Products;
			sourceTree = "<group>";
		};
		D8E846042198603400707756 /* Card_Menu */ = {
			isa = PBXGroup;
			children = (
				D8E846052198603400707756 /* AppDelegate.swift */,
				D8E846072198603400707756 /* ViewController.swift */,
				D8E846092198603400707756 /* Main.storyboard */,
				D8E8460C2198603500707756 /* Assets.xcassets */,
				D8E8460E2198603500707756 /* LaunchScreen.storyboard */,
				D8E846112198603500707756 /* Info.plist */,
			);
			path = Card_Menu;
			sourceTree = "<group>";
		};
		D8E846192198603600707756 /* Card_MenuTests */ = {
			isa = PBXGroup;
			children = (
				D8E8461A2198603600707756 /* Card_MenuTests.swift */,
				D8E8461C2198603600707756 /* Info.plist */,
			);
			path = Card_MenuTests;
			sourceTree = "<group>";
		};
		D8E846242198603600707756 /* Card_MenuUITests */ = {
			isa = PBXGroup;
			children = (
				D8E846252198603600707756 /* Card_MenuUITests.swift */,
				D8E846272198603600707756 /* Info.plist */,
			);
			path = Card_MenuUITests;
			sourceTree = "<group>";
		};
/* End PBXGroup section */

/* Begin PBXNativeTarget section */
		D8E846012198603400707756 /* Card_Menu */ = {
			isa = PBXNativeTarget;
			buildConfigurationList = D8E8462A2198603600707756 /* Build configuration list for PBXNativeTarget "Card_Menu" */;
			buildPhases = (
				D8E845FE2198603400707756 /* Sources */,
				D8E845FF2198603400707756 /* Frameworks */,
				D8E846002198603400707756 /* Resources */,
			);
			buildRules = (
			);
			dependencies = (
			);
			name = Card_Menu;
			productName = Card_Menu;
			productReference = D8E846022198603400707756 /* Card_Menu.app */;
			productType = "com.apple.product-type.application";
		};
		D8E846152198603600707756 /* Card_MenuTests */ = {
			isa = PBXNativeTarget;
			buildConfigurationList = D8E8462D2198603600707756 /* Build configuration list for PBXNativeTarget "Card_MenuTests" */;
			buildPhases = (
				D8E846122198603600707756 /* Sources */,
				D8E846132198603600707756 /* Frameworks */,
				D8E846142198603600707756 /* Resources */,
			);
			buildRules = (
			);
			dependencies = (
				D8E846182198603600707756 /* PBXTargetDependency */,
			);
			name = Card_MenuTests;
			productName = Card_MenuTests;
			productReference = D8E846162198603600707756 /* Card_MenuTests.xctest */;
			productType = "com.apple.product-type.bundle.unit-test";
		};
		D8E846202198603600707756 /* Card_MenuUITests */ = {
			isa = PBXNativeTarget;
			buildConfigurationList = D8E846302198603600707756 /* Build configuration list for PBXNativeTarget "Card_MenuUITests" */;
			buildPhases = (
				D8E8461D2198603600707756 /* Sources */,
				D8E8461E2198603600707756 /* Frameworks */,
				D8E8461F2198603600707756 /* Resources */,
			);
			buildRules = (
			);
			dependencies = (
				D8E846232198603600707756 /* PBXTargetDependency */,
			);
			name = Card_MenuUITests;
			productName = Card_MenuUITests;
			productReference = D8E846212198603600707756 /* Card_MenuUITests.xctest */;
			productType = "com.apple.product-type.bundle.ui-testing";
		};
/* End PBXNativeTarget section */

/* Begin PBXProject section */
		D8E845FA2198603400707756 /* Project object */ = {
			isa = PBXProject;
			attributes = {
				LastSwiftUpdateCheck = 1000;
				LastUpgradeCheck = 1000;
				ORGANIZATIONNAME = "Nathan Ranghel";
				TargetAttributes = {
					D8E846012198603400707756 = {
						CreatedOnToolsVersion = 10.0;
					};
					D8E846152198603600707756 = {
						CreatedOnToolsVersion = 10.0;
						TestTargetID = D8E846012198603400707756;
					};
					D8E846202198603600707756 = {
						CreatedOnToolsVersion = 10.0;
						TestTargetID = D8E846012198603400707756;
					};
				};
			};
			buildConfigurationList = D8E845FD2198603400707756 /* Build configuration list for PBXProject "Card_Menu" */;
			compatibilityVersion = "Xcode 9.3";
			developmentRegion = en;
			hasScannedForEncodings = 0;
			knownRegions = (
				en,
				Base,
			);
			mainGroup = D8E845F92198603400707756;
			productRefGroup = D8E846032198603400707756 /* Products */;
			projectDirPath = "";
			projectRoot = "";
			targets = (
				D8E846012198603400707756 /* Card_Menu */,
				D8E846152198603600707756 /* Card_MenuTests */,
				D8E846202198603600707756 /* Card_MenuUITests */,
			);
		};
/* End PBXProject section */

/* Begin PBXResourcesBuildPhase section */
		D8E846002198603400707756 /* Resources */ = {
			isa = PBXResourcesBuildPhase;
			buildActionMask = 2147483647;
			files = (
				D8E846102198603500707756 /* LaunchScreen.storyboard in Resources */,
				D8E8460D2198603500707756 /* Assets.xcassets in Resources */,
				D8E8460B2198603400707756 /* Main.storyboard in Resources */,
			);
			runOnlyForDeploymentPostprocessing = 0;
		};
		D8E846142198603600707756 /* Resources */ = {
			isa = PBXResourcesBuildPhase;
			buildActionMask = 2147483647;
			files = (
			);
			runOnlyForDeploymentPostprocessing = 0;
		};
		D8E8461F2198603600707756 /* Resources */ = {
			isa = PBXResourcesBuildPhase;
			buildActionMask = 2147483647;
			files = (
			);
			runOnlyForDeploymentPostprocessing = 0;
		};
/* End PBXResourcesBuildPhase section */

/* Begin PBXSourcesBuildPhase section */
		D8E845FE2198603400707756 /* Sources */ = {
			isa = PBXSourcesBuildPhase;
			buildActionMask = 2147483647;
			files = (
				D8E846082198603400707756 /* ViewController.swift in Sources */,
				D8E846062198603400707756 /* AppDelegate.swift in Sources */,
			);
			runOnlyForDeploymentPostprocessing = 0;
		};
		D8E846122198603600707756 /* Sources */ = {
			isa = PBXSourcesBuildPhase;
			buildActionMask = 2147483647;
			files = (
				D8E8461B2198603600707756 /* Card_MenuTests.swift in Sources */,
			);
			runOnlyForDeploymentPostprocessing = 0;
		};
		D8E8461D2198603600707756 /* Sources */ = {
			isa = PBXSourcesBuildPhase;
			buildActionMask = 2147483647;
			files = (
				D8E846262198603600707756 /* Card_MenuUITests.swift in Sources */,
			);
			runOnlyForDeploymentPostprocessing = 0;
		};
/* End PBXSourcesBuildPhase section */

/* Begin PBXTargetDependency section */
		D8E846182198603600707756 /* PBXTargetDependency */ = {
			isa = PBXTargetDependency;
			target = D8E846012198603400707756 /* Card_Menu */;
			targetProxy = D8E846172198603600707756 /* PBXContainerItemProxy */;
		};
		D8E846232198603600707756 /* PBXTargetDependency */ = {
			isa = PBXTargetDependency;
			target = D8E846012198603400707756 /* Card_Menu */;
			targetProxy = D8E846222198603600707756 /* PBXContainerItemProxy */;
		};
/* End PBXTargetDependency section */

/* Begin PBXVariantGroup section */
		D8E846092198603400707756 /* Main.storyboard */ = {
			isa = PBXVariantGroup;
			children = (
				D8E8460A2198603400707756 /* Base */,
			);
			name = Main.storyboard;
			sourceTree = "<group>";
		};
		D8E8460E2198603500707756 /* LaunchScreen.storyboard */ = {
			isa = PBXVariantGroup;
			children = (
				D8E8460F2198603500707756 /* Base */,
			);
			name = LaunchScreen.storyboard;
			sourceTree = "<group>";
		};
/* End PBXVariantGroup section */

/* Begin XCBuildConfiguration section */
		D8E846282198603600707756 /* Debug */ = {
			isa = XCBuildConfiguration;
			buildSettings = {
				ALWAYS_SEARCH_USER_PATHS = NO;
				CLANG_ANALYZER_NONNULL = YES;
				CLANG_ANALYZER_NUMBER_OBJECT_CONVERSION = YES_AGGRESSIVE;
				CLANG_CXX_LANGUAGE_STANDARD = "gnu++14";
				CLANG_CXX_LIBRARY = "libc++";
				CLANG_ENABLE_MODULES = YES;
				CLANG_ENABLE_OBJC_ARC = YES;
				CLANG_ENABLE_OBJC_WEAK = YES;
				CLANG_WARN_BLOCK_CAPTURE_AUTORELEASING = YES;
				CLANG_WARN_BOOL_CONVERSION = YES;
				CLANG_WARN_COMMA = YES;
				CLANG_WARN_CONSTANT_CONVERSION = YES;
				CLANG_WARN_DEPRECATED_OBJC_IMPLEMENTATIONS = YES;
				CLANG_WARN_DIRECT_OBJC_ISA_USAGE = YES_ERROR;
				CLANG_WARN_DOCUMENTATION_COMMENTS = YES;
				CLANG_WARN_EMPTY_BODY = YES;
				CLANG_WARN_ENUM_CONVERSION = YES;
				CLANG_WARN_INFINITE_RECURSION = YES;
				CLANG_WARN_INT_CONVERSION = YES;
				CLANG_WARN_NON_LITERAL_NULL_CONVERSION = YES;
				CLANG_WARN_OBJC_IMPLICIT_RETAIN_SELF = YES;
				CLANG_WARN_OBJC_LITERAL_CONVERSION = YES;
				CLANG_WARN_OBJC_ROOT_CLASS = YES_ERROR;
				CLANG_WARN_RANGE_LOOP_ANALYSIS = YES;
				CLANG_WARN_STRICT_PROTOTYPES = YES;
				CLANG_WARN_SUSPICIOUS_MOVE = YES;
				CLANG_WARN_UNGUARDED_AVAILABILITY = YES_AGGRESSIVE;
				CLANG_WARN_UNREACHABLE_CODE = YES;
				CLANG_WARN__DUPLICATE_METHOD_MATCH = YES;
				CODE_SIGN_IDENTITY = "iPhone Developer";
				COPY_PHASE_STRIP = NO;
				DEBUG_INFORMATION_FORMAT = dwarf;
				ENABLE_STRICT_OBJC_MSGSEND = YES;
				ENABLE_TESTABILITY = YES;
				GCC_C_LANGUAGE_STANDARD = gnu11;
				GCC_DYNAMIC_NO_PIC = NO;
				GCC_NO_COMMON_BLOCKS = YES;
				GCC_OPTIMIZATION_LEVEL = 0;
				GCC_PREPROCESSOR_DEFINITIONS = (
					"DEBUG=1",
					"$(inherited)",
				);
				GCC_WARN_64_TO_32_BIT_CONVERSION = YES;
				GCC_WARN_ABOUT_RETURN_TYPE = YES_ERROR;
				GCC_WARN_UNDECLARED_SELECTOR = YES;
				GCC_WARN_UNINITIALIZED_AUTOS = YES_AGGRESSIVE;
				GCC_WARN_UNUSED_FUNCTION = YES;
				GCC_WARN_UNUSED_VARIABLE = YES;
				IPHONEOS_DEPLOYMENT_TARGET = 12.0;
				MTL_ENABLE_DEBUG_INFO = INCLUDE_SOURCE;
				MTL_FAST_MATH = YES;
				ONLY_ACTIVE_ARCH = YES;
				SDKROOT = iphoneos;
				SWIFT_ACTIVE_COMPILATION_CONDITIONS = DEBUG;
				SWIFT_OPTIMIZATION_LEVEL = "-Onone";
			};
			name = Debug;
		};
		D8E846292198603600707756 /* Release */ = {
			isa = XCBuildConfiguration;
			buildSettings = {
				ALWAYS_SEARCH_USER_PATHS = NO;
				CLANG_ANALYZER_NONNULL = YES;
				CLANG_ANALYZER_NUMBER_OBJECT_CONVERSION = YES_AGGRESSIVE;
				CLANG_CXX_LANGUAGE_STANDARD = "gnu++14";
				CLANG_CXX_LIBRARY = "libc++";
				CLANG_ENABLE_MODULES = YES;
				CLANG_ENABLE_OBJC_ARC = YES;
				CLANG_ENABLE_OBJC_WEAK = YES;
				CLANG_WARN_BLOCK_CAPTURE_AUTORELEASING = YES;
				CLANG_WARN_BOOL_CONVERSION = YES;
				CLANG_WARN_COMMA = YES;
				CLANG_WARN_CONSTANT_CONVERSION = YES;
				CLANG_WARN_DEPRECATED_OBJC_IMPLEMENTATIONS = YES;
				CLANG_WARN_DIRECT_OBJC_ISA_USAGE = YES_ERROR;
				CLANG_WARN_DOCUMENTATION_COMMENTS = YES;
				CLANG_WARN_EMPTY_BODY = YES;
				CLANG_WARN_ENUM_CONVERSION = YES;
				CLANG_WARN_INFINITE_RECURSION = YES;
				CLANG_WARN_INT_CONVERSION = YES;
				CLANG_WARN_NON_LITERAL_NULL_CONVERSION = YES;
				CLANG_WARN_OBJC_IMPLICIT_RETAIN_SELF = YES;
				CLANG_WARN_OBJC_LITERAL_CONVERSION = YES;
				CLANG_WARN_OBJC_ROOT_CLASS = YES_ERROR;
				CLANG_WARN_RANGE_LOOP_ANALYSIS = YES;
				CLANG_WARN_STRICT_PROTOTYPES = YES;
				CLANG_WARN_SUSPICIOUS_MOVE = YES;
				CLANG_WARN_UNGUARDED_AVAILABILITY = YES_AGGRESSIVE;
				CLANG_WARN_UNREACHABLE_CODE = YES;
				CLANG_WARN__DUPLICATE_METHOD_MATCH = YES;
				CODE_SIGN_IDENTITY = "iPhone Developer";
				COPY_PHASE_STRIP = NO;
				DEBUG_INFORMATION_FORMAT = "dwarf-with-dsym";
				ENABLE_NS_ASSERTIONS = NO;
				ENABLE_STRICT_OBJC_MSGSEND = YES;
				GCC_C_LANGUAGE_STANDARD = gnu11;
				GCC_NO_COMMON_BLOCKS = YES;
				GCC_WARN_64_TO_32_BIT_CONVERSION = YES;
				GCC_WARN_ABOUT_RETURN_TYPE = YES_ERROR;
				GCC_WARN_UNDECLARED_SELECTOR = YES;
				GCC_WARN_UNINITIALIZED_AUTOS = YES_AGGRESSIVE;
				GCC_WARN_UNUSED_FUNCTION = YES;
				GCC_WARN_UNUSED_VARIABLE = YES;
				IPHONEOS_DEPLOYMENT_TARGET = 12.0;
				MTL_ENABLE_DEBUG_INFO = NO;
				MTL_FAST_MATH = YES;
				SDKROOT = iphoneos;
				SWIFT_COMPILATION_MODE = wholemodule;
				SWIFT_OPTIMIZATION_LEVEL = "-O";
				VALIDATE_PRODUCT = YES;
			};
			name = Release;
		};
		D8E8462B2198603600707756 /* Debug */ = {
			isa = XCBuildConfiguration;
			buildSettings = {
				ASSETCATALOG_COMPILER_APPICON_NAME = AppIcon;
				CODE_SIGN_STYLE = Automatic;
				DEVELOPMENT_TEAM = GZ968V68HZ;
				INFOPLIST_FILE = Card_Menu/Info.plist;
				LD_RUNPATH_SEARCH_PATHS = (
					"$(inherited)",
					"@executable_path/Frameworks",
				);
				PRODUCT_BUNDLE_IDENTIFIER = "com.zapiti.Card-Menu";
				PRODUCT_NAME = "$(TARGET_NAME)";
				SWIFT_VERSION = 4.2;
				TARGETED_DEVICE_FAMILY = "1,2";
			};
			name = Debug;
		};
		D8E8462C2198603600707756 /* Release */ = {
			isa = XCBuildConfiguration;
			buildSettings = {
				ASSETCATALOG_COMPILER_APPICON_NAME = AppIcon;
				CODE_SIGN_STYLE = Automatic;
				DEVELOPMENT_TEAM = GZ968V68HZ;
				INFOPLIST_FILE = Card_Menu/Info.plist;
				LD_RUNPATH_SEARCH_PATHS = (
					"$(inherited)",
					"@executable_path/Frameworks",
				);
				PRODUCT_BUNDLE_IDENTIFIER = "com.zapiti.Card-Menu";
				PRODUCT_NAME = "$(TARGET_NAME)";
				SWIFT_VERSION = 4.2;
				TARGETED_DEVICE_FAMILY = "1,2";
			};
			name = Release;
		};
		D8E8462E2198603600707756 /* Debug */ = {
			isa = XCBuildConfiguration;
			buildSettings = {
				ALWAYS_EMBED_SWIFT_STANDARD_LIBRARIES = YES;
				BUNDLE_LOADER = "$(TEST_HOST)";
				CODE_SIGN_STYLE = Automatic;
				DEVELOPMENT_TEAM = GZ968V68HZ;
				INFOPLIST_FILE = Card_MenuTests/Info.plist;
				LD_RUNPATH_SEARCH_PATHS = (
					"$(inherited)",
					"@executable_path/Frameworks",
					"@loader_path/Frameworks",
				);
				PRODUCT_BUNDLE_IDENTIFIER = "com.zapiti.Card-MenuTests";
				PRODUCT_NAME = "$(TARGET_NAME)";
				SWIFT_VERSION = 4.2;
				TARGETED_DEVICE_FAMILY = "1,2";
				TEST_HOST = "$(BUILT_PRODUCTS_DIR)/Card_Menu.app/Card_Menu";
			};
			name = Debug;
		};
		D8E8462F2198603600707756 /* Release */ = {
			isa = XCBuildConfiguration;
			buildSettings = {
				ALWAYS_EMBED_SWIFT_STANDARD_LIBRARIES = YES;
				BUNDLE_LOADER = "$(TEST_HOST)";
				CODE_SIGN_STYLE = Automatic;
				DEVELOPMENT_TEAM = GZ968V68HZ;
				INFOPLIST_FILE = Card_MenuTests/Info.plist;
				LD_RUNPATH_SEARCH_PATHS = (
					"$(inherited)",
					"@executable_path/Frameworks",
					"@loader_path/Frameworks",
				);
				PRODUCT_BUNDLE_IDENTIFIER = "com.zapiti.Card-MenuTests";
				PRODUCT_NAME = "$(TARGET_NAME)";
				SWIFT_VERSION = 4.2;
				TARGETED_DEVICE_FAMILY = "1,2";
				TEST_HOST = "$(BUILT_PRODUCTS_DIR)/Card_Menu.app/Card_Menu";
			};
			name = Release;
		};
		D8E846312198603600707756 /* Debug */ = {
			isa = XCBuildConfiguration;
			buildSettings = {
				ALWAYS_EMBED_SWIFT_STANDARD_LIBRARIES = YES;
				CODE_SIGN_STYLE = Automatic;
				DEVELOPMENT_TEAM = GZ968V68HZ;
				INFOPLIST_FILE = Card_MenuUITests/Info.plist;
				LD_RUNPATH_SEARCH_PATHS = (
					"$(inherited)",
					"@executable_path/Frameworks",
					"@loader_path/Frameworks",
				);
				PRODUCT_BUNDLE_IDENTIFIER = "com.zapiti.Card-MenuUITests";
				PRODUCT_NAME = "$(TARGET_NAME)";
				SWIFT_VERSION = 4.2;
				TARGETED_DEVICE_FAMILY = "1,2";
				TEST_TARGET_NAME = Card_Menu;
			};
			name = Debug;
		};
		D8E846322198603600707756 /* Release */ = {
			isa = XCBuildConfiguration;
			buildSettings = {
				ALWAYS_EMBED_SWIFT_STANDARD_LIBRARIES = YES;
				CODE_SIGN_STYLE = Automatic;
				DEVELOPMENT_TEAM = GZ968V68HZ;
				INFOPLIST_FILE = Card_MenuUITests/Info.plist;
				LD_RUNPATH_SEARCH_PATHS = (
					"$(inherited)",
					"@executable_path/Frameworks",
					"@loader_path/Frameworks",
				);
				PRODUCT_BUNDLE_IDENTIFIER = "com.zapiti.Card-MenuUITests";
				PRODUCT_NAME = "$(TARGET_NAME)";
				SWIFT_VERSION = 4.2;
				TARGETED_DEVICE_FAMILY = "1,2";
				TEST_TARGET_NAME = Card_Menu;
			};
			name = Release;
		};
/* End XCBuildConfiguration section */

/* Begin XCConfigurationList section */
		D8E845FD2198603400707756 /* Build configuration list for PBXProject "Card_Menu" */ = {
			isa = XCConfigurationList;
			buildConfigurations = (
				D8E846282198603600707756 /* Debug */,
				D8E846292198603600707756 /* Release */,
			);
			defaultConfigurationIsVisible = 0;
			defaultConfigurationName = Release;
		};
		D8E8462A2198603600707756 /* Build configuration list for PBXNativeTarget "Card_Menu" */ = {
			isa = XCConfigurationList;
			buildConfigurations = (
				D8E8462B2198603600707756 /* Debug */,
				D8E8462C2198603600707756 /* Release */,
			);
			defaultConfigurationIsVisible = 0;
			defaultConfigurationName = Release;
		};
		D8E8462D2198603600707756 /* Build configuration list for PBXNativeTarget "Card_MenuTests" */ = {
			isa = XCConfigurationList;
			buildConfigurations = (
				D8E8462E2198603600707756 /* Debug */,
				D8E8462F2198603600707756 /* Release */,
			);
			defaultConfigurationIsVisible = 0;
			defaultConfigurationName = Release;
		};
		D8E846302198603600707756 /* Build configuration list for PBXNativeTarget "Card_MenuUITests" */ = {
			isa = XCConfigurationList;
			buildConfigurations = (
				D8E846312198603600707756 /* Debug */,
				D8E846322198603600707756 /* Release */,
			);
			defaultConfigurationIsVisible = 0;
			defaultConfigurationName = Release;
		};
/* End XCConfigurationList section */
	};
	rootObject = D8E845FA2198603400707756 /* Project object */;
}
